
Microsoft Visual Studio Solution File, Format Version 12.00
# Visual Studio Version 16
VisualStudioVersion = 16.0.31105.61
MinimumVisualStudioVersion = 10.0.40219.1
Project("{FAE04EC0-301F-11D3-BF4B-00C04F79EFBC}") = "RestClient", "RestClient\RestClient.csproj", "{8B608466-4312-46B6-8BDC-799ADA855A1C}"
EndProject
Global
	GlobalSection(SolutionConfigurationPlatforms) = preSolution
		Debug|Any CPU = Debug|Any CPU
		Debug|x64 = Debug|x64
		Release|Any CPU = Release|Any CPU
		Release|x64 = Release|x64
	EndGlobalSection
	GlobalSection(ProjectConfigurationPlatforms) = postSolution
		{8B608466-4312-46B6-8BDC-799ADA855A1C}.Debug|Any CPU.ActiveCfg = Debug|Any CPU
		{8B608466-4312-46B6-8BDC-799ADA855A1C}.Debug|Any CPU.Build.0 = Debug|Any CPU
		{8B608466-4312-46B6-8BDC-799ADA855A1C}.Debug|x64.ActiveCfg = Debug|x64
		{8B608466-4312-46B6-8BDC-799ADA855A1C}.Debug|x64.Build.0 = Debug|x64
		{8B608466-4312-46B6-8BDC-799ADA855A1C}.Release|Any CPU.ActiveCfg = Release|Any CPU
		{8B608466-4312-46B6-8BDC-799ADA855A1C}.Release|Any CPU.Build.0 = Release|Any CPU
		{8B608466-4312-46B6-8BDC-799ADA855A1C}.Release|x64.ActiveCfg = Release|x64
		{8B608466-4312-46B6-8BDC-799ADA855A1C}.Release|x64.Build.0 = Release|x64
	EndGlobalSection
	GlobalSection(SolutionProperties) = preSolution
		HideSolutionNode = FALSE
	EndGlobalSection
	GlobalSection(ExtensibilityGlobals) = postSolution
		SolutionGuid = {0EBCF62E-BB78-4F32-AFD6-423780C16F0D}
	EndGlobalSection
EndGlobal
